
Microsoft Visual Studio Solution File, Format Version 12.00
Project("{FAE04EC0-301F-11D3-BF4B-00C04F79EFBC}") = "Millennium.Api", "Millennium.Api\Millennium.Api.csproj", "{4F4D3FC3-68BB-4553-98E7-6E65547712C9}"
EndProject
Project("{FAE04EC0-301F-11D3-BF4B-00C04F79EFBC}") = "Millennium.Data", "Millennium.Data\Millennium.Data.csproj", "{39CD166A-0DBB-445B-977A-0CA4DDDCB7E0}"
EndProject
Project("{FAE04EC0-301F-11D3-BF4B-00C04F79EFBC}") = "Millennium.Domain", "Millennium.Domain\Millennium.Domain.csproj", "{5C30081B-12A2-4C10-8318-231096CAF3A6}"
EndProject
Project("{FAE04EC0-301F-11D3-BF4B-00C04F79EFBC}") = "Millennium.Tests", "Millennium.Tests\Millennium.Tests.csproj", "{5DB169F9-425F-48BF-AC6B-7F358FC184BF}"
EndProject
Global
	GlobalSection(SolutionConfigurationPlatforms) = preSolution
		Debug|Any CPU = Debug|Any CPU
		Release|Any CPU = Release|Any CPU
	EndGlobalSection
	GlobalSection(ProjectConfigurationPlatforms) = postSolution
		{4F4D3FC3-68BB-4553-98E7-6E65547712C9}.Debug|Any CPU.ActiveCfg = Debug|Any CPU
		{4F4D3FC3-68BB-4553-98E7-6E65547712C9}.Debug|Any CPU.Build.0 = Debug|Any CPU
		{4F4D3FC3-68BB-4553-98E7-6E65547712C9}.Release|Any CPU.ActiveCfg = Release|Any CPU
		{4F4D3FC3-68BB-4553-98E7-6E65547712C9}.Release|Any CPU.Build.0 = Release|Any CPU
		{39CD166A-0DBB-445B-977A-0CA4DDDCB7E0}.Debug|Any CPU.ActiveCfg = Debug|Any CPU
		{39CD166A-0DBB-445B-977A-0CA4DDDCB7E0}.Debug|Any CPU.Build.0 = Debug|Any CPU
		{39CD166A-0DBB-445B-977A-0CA4DDDCB7E0}.Release|Any CPU.ActiveCfg = Release|Any CPU
		{39CD166A-0DBB-445B-977A-0CA4DDDCB7E0}.Release|Any CPU.Build.0 = Release|Any CPU
		{5C30081B-12A2-4C10-8318-231096CAF3A6}.Debug|Any CPU.ActiveCfg = Debug|Any CPU
		{5C30081B-12A2-4C10-8318-231096CAF3A6}.Debug|Any CPU.Build.0 = Debug|Any CPU
		{5C30081B-12A2-4C10-8318-231096CAF3A6}.Release|Any CPU.ActiveCfg = Release|Any CPU
		{5C30081B-12A2-4C10-8318-231096CAF3A6}.Release|Any CPU.Build.0 = Release|Any CPU
		{5DB169F9-425F-48BF-AC6B-7F358FC184BF}.Debug|Any CPU.ActiveCfg = Debug|Any CPU
		{5DB169F9-425F-48BF-AC6B-7F358FC184BF}.Debug|Any CPU.Build.0 = Debug|Any CPU
		{5DB169F9-425F-48BF-AC6B-7F358FC184BF}.Release|Any CPU.ActiveCfg = Release|Any CPU
		{5DB169F9-425F-48BF-AC6B-7F358FC184BF}.Release|Any CPU.Build.0 = Release|Any CPU
	EndGlobalSection
EndGlobal
